
Microsoft Visual Studio Solution File, Format Version 12.00
# Visual Studio Version 17
VisualStudioVersion = 17.8.34601.278
MinimumVisualStudioVersion = 10.0.40219.1
Project("{FAE04EC0-301F-11D3-BF4B-00C04F79EFBC}") = "filmesApp2", "filmesApp2\filmesApp2.csproj", "{BF9CE476-DC38-4F54-B368-C7E91E003032}"
EndProject
Global
	GlobalSection(SolutionConfigurationPlatforms) = preSolution
		Debug|Any CPU = Debug|Any CPU
		Release|Any CPU = Release|Any CPU
	EndGlobalSection
	GlobalSection(ProjectConfigurationPlatforms) = postSolution
		{BF9CE476-DC38-4F54-B368-C7E91E003032}.Debug|Any CPU.ActiveCfg = Debug|Any CPU
		{BF9CE476-DC38-4F54-B368-C7E91E003032}.Debug|Any CPU.Build.0 = Debug|Any CPU
		{BF9CE476-DC38-4F54-B368-C7E91E003032}.Release|Any CPU.ActiveCfg = Release|Any CPU
		{BF9CE476-DC38-4F54-B368-C7E91E003032}.Release|Any CPU.Build.0 = Release|Any CPU
	EndGlobalSection
	GlobalSection(SolutionProperties) = preSolution
		HideSolutionNode = FALSE
	EndGlobalSection
	GlobalSection(ExtensibilityGlobals) = postSolution
		SolutionGuid = {398EB11A-63E4-4C41-8A14-B516195D54D8}
	EndGlobalSection
EndGlobal
